
Microsoft Visual Studio Solution File, Format Version 12.00
# Visual Studio 15
VisualStudioVersion = 15.0.28307.329
MinimumVisualStudioVersion = 10.0.40219.1
Project("{FAE04EC0-301F-11D3-BF4B-00C04F79EFBC}") = "ConsoleApp1", "ConsoleApp1\ConsoleApp1.csproj", "{DFD5E062-96AC-44BC-B1F6-BB7A78878F5D}"
EndProject
Global
	GlobalSection(SolutionConfigurationPlatforms) = preSolution
		Debug|Any CPU = Debug|Any CPU
		Release|Any CPU = Release|Any CPU
	EndGlobalSection
	GlobalSection(ProjectConfigurationPlatforms) = postSolution
		{DFD5E062-96AC-44BC-B1F6-BB7A78878F5D}.Debug|Any CPU.ActiveCfg = Debug|Any CPU
		{DFD5E062-96AC-44BC-B1F6-BB7A78878F5D}.Debug|Any CPU.Build.0 = Debug|Any CPU
		{DFD5E062-96AC-44BC-B1F6-BB7A78878F5D}.Release|Any CPU.ActiveCfg = Release|Any CPU
		{DFD5E062-96AC-44BC-B1F6-BB7A78878F5D}.Release|Any CPU.Build.0 = Release|Any CPU
	EndGlobalSection
	GlobalSection(SolutionProperties) = preSolution
		HideSolutionNode = FALSE
	EndGlobalSection
	GlobalSection(ExtensibilityGlobals) = postSolution
		SolutionGuid = {699EE257-3E88-483E-96E7-7012DDBEB35F}
	EndGlobalSection
EndGlobal
